
Microsoft Visual Studio Solution File, Format Version 12.00
# Visual Studio Version 17
VisualStudioVersion = 17.8.34525.116
MinimumVisualStudioVersion = 10.0.40219.1
Project("{9A19103F-16F7-4668-BE54-9A1E7A4F7556}") = "ElevatorSystem.WebApp", "ElevatorSystem.WebApp.csproj", "{63F2BC23-9585-4F20-B968-D3E0C87E83FF}"
EndProject
Project("{9A19103F-16F7-4668-BE54-9A1E7A4F7556}") = "ElevatorSystem.Entities", "..\ElevatorSystem.Entities\ElevatorSystem.Entities.csproj", "{3CACCB89-9E03-43AD-8D36-FBC570317EAD}"
EndProject
Project("{9A19103F-16F7-4668-BE54-9A1E7A4F7556}") = "ElevatorSystem.BusinessLayer", "..\ElevatorSystem.BusinessLayer\ElevatorSystem.BusinessLayer.csproj", "{ED937181-C04B-4152-9986-7088DC1D63E7}"
EndProject
Project("{9A19103F-16F7-4668-BE54-9A1E7A4F7556}") = "ElevatorSystem.DataLayer", "..\EelevatorSystem.DataLayer\ElevatorSystem.DataLayer.csproj", "{68DF067B-0D85-4540-9067-90B52A02E3C7}"
EndProject
Project("{FAE04EC0-301F-11D3-BF4B-00C04F79EFBC}") = "ElevatorSystem.UnitTest", "..\ElevatorSystem.UnitTest\ElevatorSystem.UnitTest.csproj", "{58CB39F9-1450-491E-8839-3ABA40C4AFB9}"
EndProject
Global
	GlobalSection(SolutionConfigurationPlatforms) = preSolution
		Debug|Any CPU = Debug|Any CPU
		Release|Any CPU = Release|Any CPU
	EndGlobalSection
	GlobalSection(ProjectConfigurationPlatforms) = postSolution
		{63F2BC23-9585-4F20-B968-D3E0C87E83FF}.Debug|Any CPU.ActiveCfg = Debug|Any CPU
		{63F2BC23-9585-4F20-B968-D3E0C87E83FF}.Debug|Any CPU.Build.0 = Debug|Any CPU
		{63F2BC23-9585-4F20-B968-D3E0C87E83FF}.Release|Any CPU.ActiveCfg = Release|Any CPU
		{63F2BC23-9585-4F20-B968-D3E0C87E83FF}.Release|Any CPU.Build.0 = Release|Any CPU
		{3CACCB89-9E03-43AD-8D36-FBC570317EAD}.Debug|Any CPU.ActiveCfg = Debug|Any CPU
		{3CACCB89-9E03-43AD-8D36-FBC570317EAD}.Debug|Any CPU.Build.0 = Debug|Any CPU
		{3CACCB89-9E03-43AD-8D36-FBC570317EAD}.Release|Any CPU.ActiveCfg = Release|Any CPU
		{3CACCB89-9E03-43AD-8D36-FBC570317EAD}.Release|Any CPU.Build.0 = Release|Any CPU
		{ED937181-C04B-4152-9986-7088DC1D63E7}.Debug|Any CPU.ActiveCfg = Debug|Any CPU
		{ED937181-C04B-4152-9986-7088DC1D63E7}.Debug|Any CPU.Build.0 = Debug|Any CPU
		{ED937181-C04B-4152-9986-7088DC1D63E7}.Release|Any CPU.ActiveCfg = Release|Any CPU
		{ED937181-C04B-4152-9986-7088DC1D63E7}.Release|Any CPU.Build.0 = Release|Any CPU
		{68DF067B-0D85-4540-9067-90B52A02E3C7}.Debug|Any CPU.ActiveCfg = Debug|Any CPU
		{68DF067B-0D85-4540-9067-90B52A02E3C7}.Debug|Any CPU.Build.0 = Debug|Any CPU
		{68DF067B-0D85-4540-9067-90B52A02E3C7}.Release|Any CPU.ActiveCfg = Release|Any CPU
		{68DF067B-0D85-4540-9067-90B52A02E3C7}.Release|Any CPU.Build.0 = Release|Any CPU
		{58CB39F9-1450-491E-8839-3ABA40C4AFB9}.Debug|Any CPU.ActiveCfg = Debug|Any CPU
		{58CB39F9-1450-491E-8839-3ABA40C4AFB9}.Debug|Any CPU.Build.0 = Debug|Any CPU
		{58CB39F9-1450-491E-8839-3ABA40C4AFB9}.Release|Any CPU.ActiveCfg = Release|Any CPU
		{58CB39F9-1450-491E-8839-3ABA40C4AFB9}.Release|Any CPU.Build.0 = Release|Any CPU
	EndGlobalSection
	GlobalSection(SolutionProperties) = preSolution
		HideSolutionNode = FALSE
	EndGlobalSection
	GlobalSection(ExtensibilityGlobals) = postSolution
		SolutionGuid = {A29D0210-3831-4926-91C0-EE5E99F4628E}
	EndGlobalSection
EndGlobal
