
Microsoft Visual Studio Solution File, Format Version 12.00
# Visual Studio Version 17
VisualStudioVersion = 17.8.34525.116
MinimumVisualStudioVersion = 10.0.40219.1
Project("{9A19103F-16F7-4668-BE54-9A1E7A4F7556}") = "ElevatorSystem", "ElevatorSystem.csproj", "{63F2BC23-9585-4F20-B968-D3E0C87E83FF}"
EndProject
Project("{9A19103F-16F7-4668-BE54-9A1E7A4F7556}") = "ElevatorSystem.Business", "..\ElevatorSystem.Business\ElevatorSystem.Business.csproj", "{834962D8-BB54-474E-B761-6F8A5BCA4B08}"
EndProject
Project("{9A19103F-16F7-4668-BE54-9A1E7A4F7556}") = "EelevatorSystem.Data", "..\EelevatorSystem.Data\EelevatorSystem.Data.csproj", "{65D6C876-4F54-4DD8-AB3C-C4261267CB90}"
EndProject
Project("{9A19103F-16F7-4668-BE54-9A1E7A4F7556}") = "ElevatorSystem.Entities", "..\ElevatorSystem.Entities\ElevatorSystem.Entities.csproj", "{3CACCB89-9E03-43AD-8D36-FBC570317EAD}"
EndProject
Global
	GlobalSection(SolutionConfigurationPlatforms) = preSolution
		Debug|Any CPU = Debug|Any CPU
		Release|Any CPU = Release|Any CPU
	EndGlobalSection
	GlobalSection(ProjectConfigurationPlatforms) = postSolution
		{63F2BC23-9585-4F20-B968-D3E0C87E83FF}.Debug|Any CPU.ActiveCfg = Debug|Any CPU
		{63F2BC23-9585-4F20-B968-D3E0C87E83FF}.Debug|Any CPU.Build.0 = Debug|Any CPU
		{63F2BC23-9585-4F20-B968-D3E0C87E83FF}.Release|Any CPU.ActiveCfg = Release|Any CPU
		{63F2BC23-9585-4F20-B968-D3E0C87E83FF}.Release|Any CPU.Build.0 = Release|Any CPU
		{834962D8-BB54-474E-B761-6F8A5BCA4B08}.Debug|Any CPU.ActiveCfg = Debug|Any CPU
		{834962D8-BB54-474E-B761-6F8A5BCA4B08}.Debug|Any CPU.Build.0 = Debug|Any CPU
		{834962D8-BB54-474E-B761-6F8A5BCA4B08}.Release|Any CPU.ActiveCfg = Release|Any CPU
		{834962D8-BB54-474E-B761-6F8A5BCA4B08}.Release|Any CPU.Build.0 = Release|Any CPU
		{65D6C876-4F54-4DD8-AB3C-C4261267CB90}.Debug|Any CPU.ActiveCfg = Debug|Any CPU
		{65D6C876-4F54-4DD8-AB3C-C4261267CB90}.Debug|Any CPU.Build.0 = Debug|Any CPU
		{65D6C876-4F54-4DD8-AB3C-C4261267CB90}.Release|Any CPU.ActiveCfg = Release|Any CPU
		{65D6C876-4F54-4DD8-AB3C-C4261267CB90}.Release|Any CPU.Build.0 = Release|Any CPU
		{3CACCB89-9E03-43AD-8D36-FBC570317EAD}.Debug|Any CPU.ActiveCfg = Debug|Any CPU
		{3CACCB89-9E03-43AD-8D36-FBC570317EAD}.Debug|Any CPU.Build.0 = Debug|Any CPU
		{3CACCB89-9E03-43AD-8D36-FBC570317EAD}.Release|Any CPU.ActiveCfg = Release|Any CPU
		{3CACCB89-9E03-43AD-8D36-FBC570317EAD}.Release|Any CPU.Build.0 = Release|Any CPU
	EndGlobalSection
	GlobalSection(SolutionProperties) = preSolution
		HideSolutionNode = FALSE
	EndGlobalSection
	GlobalSection(ExtensibilityGlobals) = postSolution
		SolutionGuid = {A29D0210-3831-4926-91C0-EE5E99F4628E}
	EndGlobalSection
EndGlobal
